hash: e7b62bd7cf9a1122b571c9bf0f911db36b683cccf1d0e315323f60da99a9dbfc
updated: 2018-11-05T17:20:18.024061+08:00
imports:
- name: github.com/asaskevich/govalidator
  version: ccb8e960c48f04d6935e72476ae4a51028f9e22f
- name: github.com/fvbock/endless
  version: 447134032cb6a86814f570257390a379982dfc61
- name: github.com/gin-contrib/cors
  version: cf4846e6a636a76237a28d9286f163c132e841bc
- name: github.com/gin-gonic/contrib
  version: 39cfb9727134fef3120d2458fce5fab14265a46c
- name: github.com/gin-gonic/gin
  version: b869fe1415e4b9eb52f247441830d502aece2d4d
- name: github.com/jmoiron/sqlx
  version: 0dae4fefe7c0e190f7b5a78dac28a1c82cc8d849
- name: github.com/lib/pq
  version: 4ded0e9383f75c197b3a2aaa6d590ac52df6fd79
- name: gopkg.in/yaml.v2
  version: 5420a8b6744d3b0345ab293f6fcba19c978f1183
testImports: []
